
Microsoft Visual Studio Solution File, Format Version 12.00
# Visual Studio Version 16
VisualStudioVersion = 16.0.31019.35
MinimumVisualStudioVersion = 10.0.40219.1
Project("{FAE04EC0-301F-11D3-BF4B-00C04F79EFBC}") = "JenkinsHelloWorld", "JenkinsHelloWorld.csproj", "{54A70C80-162B-43BF-9DC7-E9EAEB5D260D}"
EndProject
Global
	GlobalSection(SolutionConfigurationPlatforms) = preSolution
		Debug|Any CPU = Debug|Any CPU
		Release|Any CPU = Release|Any CPU
	EndGlobalSection
	GlobalSection(ProjectConfigurationPlatforms) = postSolution
		{54A70C80-162B-43BF-9DC7-E9EAEB5D260D}.Debug|Any CPU.ActiveCfg = Debug|Any CPU
		{54A70C80-162B-43BF-9DC7-E9EAEB5D260D}.Debug|Any CPU.Build.0 = Debug|Any CPU
		{54A70C80-162B-43BF-9DC7-E9EAEB5D260D}.Release|Any CPU.ActiveCfg = Release|Any CPU
		{54A70C80-162B-43BF-9DC7-E9EAEB5D260D}.Release|Any CPU.Build.0 = Release|Any CPU
	EndGlobalSection
	GlobalSection(SolutionProperties) = preSolution
		HideSolutionNode = FALSE
	EndGlobalSection
	GlobalSection(ExtensibilityGlobals) = postSolution
		SolutionGuid = {F5EB2C7A-21B4-4412-9ACE-1A3BB0ED2154}
	EndGlobalSection
EndGlobal
